
Microsoft Visual Studio Solution File, Format Version 12.00
# Visual Studio Version 16
VisualStudioVersion = 16.0.30225.117
MinimumVisualStudioVersion = 10.0.40219.1
Project("{FAE04EC0-301F-11D3-BF4B-00C04F79EFBC}") = "ModelsAndModelBinding", "ModelsAndModelBinding\ModelsAndModelBinding.csproj", "{9A24488B-2EB7-4B27-BEAC-7F4C8432A8C2}"
EndProject
Global
	GlobalSection(SolutionConfigurationPlatforms) = preSolution
		Debug|Any CPU = Debug|Any CPU
		Release|Any CPU = Release|Any CPU
	EndGlobalSection
	GlobalSection(ProjectConfigurationPlatforms) = postSolution
		{9A24488B-2EB7-4B27-BEAC-7F4C8432A8C2}.Debug|Any CPU.ActiveCfg = Debug|Any CPU
		{9A24488B-2EB7-4B27-BEAC-7F4C8432A8C2}.Debug|Any CPU.Build.0 = Debug|Any CPU
		{9A24488B-2EB7-4B27-BEAC-7F4C8432A8C2}.Release|Any CPU.ActiveCfg = Release|Any CPU
		{9A24488B-2EB7-4B27-BEAC-7F4C8432A8C2}.Release|Any CPU.Build.0 = Release|Any CPU
	EndGlobalSection
	GlobalSection(SolutionProperties) = preSolution
		HideSolutionNode = FALSE
	EndGlobalSection
	GlobalSection(ExtensibilityGlobals) = postSolution
		SolutionGuid = {5CF30791-F7AA-41F8-B317-4DB0025BFC2C}
	EndGlobalSection
EndGlobal
